
Microsoft Visual Studio Solution File, Format Version 12.00
# Visual Studio Version 16
VisualStudioVersion = 25.0.1703.5
MinimumVisualStudioVersion = 10.0.40219.1
Project("{FAE04EC0-301F-11D3-BF4B-00C04F79EFBC}") = "MethodOverloading", "MethodOverloading\MethodOverloading.csproj", "{117802D5-7C0B-4055-B66E-8C2D13472811}"
EndProject
Global
	GlobalSection(SolutionConfigurationPlatforms) = preSolution
		Debug|Any CPU = Debug|Any CPU
		Release|Any CPU = Release|Any CPU
	EndGlobalSection
	GlobalSection(ProjectConfigurationPlatforms) = postSolution
		{117802D5-7C0B-4055-B66E-8C2D13472811}.Debug|Any CPU.ActiveCfg = Debug|Any CPU
		{117802D5-7C0B-4055-B66E-8C2D13472811}.Debug|Any CPU.Build.0 = Debug|Any CPU
		{117802D5-7C0B-4055-B66E-8C2D13472811}.Release|Any CPU.ActiveCfg = Release|Any CPU
		{117802D5-7C0B-4055-B66E-8C2D13472811}.Release|Any CPU.Build.0 = Release|Any CPU
	EndGlobalSection
	GlobalSection(SolutionProperties) = preSolution
		HideSolutionNode = FALSE
	EndGlobalSection
	GlobalSection(ExtensibilityGlobals) = postSolution
		SolutionGuid = {8DD49D33-A5B5-4838-BD20-738EAA3DC890}
	EndGlobalSection
EndGlobal
